
Microsoft Visual Studio Solution File, Format Version 12.00
# Visual Studio 2013
VisualStudioVersion = 12.0.31101.0
MinimumVisualStudioVersion = 10.0.40219.1
Project("{FAE04EC0-301F-11D3-BF4B-00C04F79EFBC}") = "Reviewer", "Reviewer\Reviewer.csproj", "{6360AAF1-82D0-4EE3-9D43-F3E53379FD40}"
EndProject
Project("{FAE04EC0-301F-11D3-BF4B-00C04F79EFBC}") = "Reviewer.Tests", "Reviewer.Tests\Reviewer.Tests.csproj", "{6F668668-8642-45D3-9B06-A8FC09476404}"
EndProject
Global
	GlobalSection(SolutionConfigurationPlatforms) = preSolution
		Debug|Any CPU = Debug|Any CPU
		Release|Any CPU = Release|Any CPU
	EndGlobalSection
	GlobalSection(ProjectConfigurationPlatforms) = postSolution
		{6360AAF1-82D0-4EE3-9D43-F3E53379FD40}.Debug|Any CPU.ActiveCfg = Debug|Any CPU
		{6360AAF1-82D0-4EE3-9D43-F3E53379FD40}.Debug|Any CPU.Build.0 = Debug|Any CPU
		{6360AAF1-82D0-4EE3-9D43-F3E53379FD40}.Release|Any CPU.ActiveCfg = Release|Any CPU
		{6360AAF1-82D0-4EE3-9D43-F3E53379FD40}.Release|Any CPU.Build.0 = Release|Any CPU
		{6F668668-8642-45D3-9B06-A8FC09476404}.Debug|Any CPU.ActiveCfg = Debug|Any CPU
		{6F668668-8642-45D3-9B06-A8FC09476404}.Debug|Any CPU.Build.0 = Debug|Any CPU
		{6F668668-8642-45D3-9B06-A8FC09476404}.Release|Any CPU.ActiveCfg = Release|Any CPU
		{6F668668-8642-45D3-9B06-A8FC09476404}.Release|Any CPU.Build.0 = Release|Any CPU
	EndGlobalSection
	GlobalSection(SolutionProperties) = preSolution
		HideSolutionNode = FALSE
	EndGlobalSection
EndGlobal
